
Microsoft Visual Studio Solution File, Format Version 12.00
# Visual Studio 15
VisualStudioVersion = 15.0.28307.572
MinimumVisualStudioVersion = 10.0.40219.1
Project("{FAE04EC0-301F-11D3-BF4B-00C04F79EFBC}") = "SCEnterpriseStoryTags", "SCEnterpriseStoryTags\SCEnterpriseStoryTags.csproj", "{1DDD606F-8C36-4ADC-9B58-DE2FFDD8B7B9}"
EndProject
Global
	GlobalSection(SolutionConfigurationPlatforms) = preSolution
		Debug|Any CPU = Debug|Any CPU
		Release|Any CPU = Release|Any CPU
	EndGlobalSection
	GlobalSection(ProjectConfigurationPlatforms) = postSolution
		{1DDD606F-8C36-4ADC-9B58-DE2FFDD8B7B9}.Debug|Any CPU.ActiveCfg = Debug|Any CPU
		{1DDD606F-8C36-4ADC-9B58-DE2FFDD8B7B9}.Debug|Any CPU.Build.0 = Debug|Any CPU
		{1DDD606F-8C36-4ADC-9B58-DE2FFDD8B7B9}.Release|Any CPU.ActiveCfg = Release|Any CPU
		{1DDD606F-8C36-4ADC-9B58-DE2FFDD8B7B9}.Release|Any CPU.Build.0 = Release|Any CPU
	EndGlobalSection
	GlobalSection(SolutionProperties) = preSolution
		HideSolutionNode = FALSE
	EndGlobalSection
	GlobalSection(ExtensibilityGlobals) = postSolution
		SolutionGuid = {7DB17AB5-81BF-4785-A214-9B0D28EDADD5}
	EndGlobalSection
EndGlobal
